# This file is automatically @generated by Poetry 1.6.1 and should not be changed by hand.

[[package]]
name = "annotated-types"
version = "0.6.0"
description = "Reusable constraint types to use with typing.Annotated"
optional = false
python-versions = ">=3.8"
files = [
    {file = "annotated_types-0.6.0-py3-none-any.whl", hash = "sha256:0641064de18ba7a25dee8f96403ebc39113d0cb953a01429249d5c7564666a43"},
    {file = "annotated_types-0.6.0.tar.gz", hash = "sha256:563339e807e53ffd9c267e99fc6d9ea23eb8443c08f112651963e24e22f84a5d"},
]

[[package]]
name = "anyio"
version = "4.2.0"
description = "High level compatibility layer for multiple asynchronous event loop implementations"
optional = false
python-versions = ">=3.8"
files = [
    {file = "anyio-4.2.0-py3-none-any.whl", hash = "sha256:745843b39e829e108e518c489b31dc757de7d2131d53fac32bd8df268227bfee"},
    {file = "anyio-4.2.0.tar.gz", hash = "sha256:e1875bb4b4e2de1669f4bc7869b6d3f54231cdced71605e6e64c9be77e3be50f"},
]

[package.dependencies]
idna = ">=2.8"
sniffio = ">=1.1"

[package.extras]
doc = ["Sphinx (>=7)", "packaging", "sphinx-autodoc-typehints (>=1.2.0)", "sphinx-rtd-theme"]
test = ["anyio[trio]", "coverage[toml] (>=7)", "exceptiongroup (>=1.2.0)", "hypothesis (>=4.0)", "psutil (>=5.9)", "pytest (>=7.0)", "pytest-mock (>=3.6.1)", "trustme", "uvloop (>=0.17)"]
trio = ["trio (>=0.23)"]

[[package]]
name = "black"
version = "24.10.0"
description = "The uncompromising code formatter."
optional = false
python-versions = ">=3.9"
files = [
    {file = "black-24.10.0-cp310-cp310-macosx_10_9_x86_64.whl", hash = "sha256:e6668650ea4b685440857138e5fe40cde4d652633b1bdffc62933d0db4ed9812"},
    {file = "black-24.10.0-cp310-cp310-macosx_11_0_arm64.whl", hash = "sha256:1c536fcf674217e87b8cc3657b81809d3c085d7bf3ef262ead700da345bfa6ea"},
    {file = "black-24.10.0-cp310-cp310-manylinux_2_17_x86_64.manylinux2014_x86_64.manylinux_2_28_x86_64.whl", hash = "sha256:649fff99a20bd06c6f727d2a27f401331dc0cc861fb69cde910fe95b01b5928f"},
    {file = "black-24.10.0-cp310-cp310-win_amd64.whl", hash = "sha256:fe4d6476887de70546212c99ac9bd803d90b42fc4767f058a0baa895013fbb3e"},
    {file = "black-24.10.0-cp311-cp311-macosx_10_9_x86_64.whl", hash = "sha256:5a2221696a8224e335c28816a9d331a6c2ae15a2ee34ec857dcf3e45dbfa99ad"},
    {file = "black-24.10.0-cp311-cp311-macosx_11_0_arm64.whl", hash = "sha256:f9da3333530dbcecc1be13e69c250ed8dfa67f43c4005fb537bb426e19200d50"},
    {file = "black-24.10.0-cp311-cp311-manylinux_2_17_x86_64.manylinux2014_x86_64.manylinux_2_28_x86_64.whl", hash = "sha256:4007b1393d902b48b36958a216c20c4482f601569d19ed1df294a496eb366392"},
    {file = "black-24.10.0-cp311-cp311-win_amd64.whl", hash = "sha256:394d4ddc64782e51153eadcaaca95144ac4c35e27ef9b0a42e121ae7e57a9175"},
    {file = "black-24.10.0-cp312-cp312-macosx_10_13_x86_64.whl", hash = "sha256:b5e39e0fae001df40f95bd8cc36b9165c5e2ea88900167bddf258bacef9bbdc3"},
    {file = "black-24.10.0-cp312-cp312-macosx_11_0_arm64.whl", hash = "sha256:d37d422772111794b26757c5b55a3eade028aa3fde43121ab7b673d050949d65"},
    {file = "black-24.10.0-cp312-cp312-manylinux_2_17_x86_64.manylinux2014_x86_64.manylinux_2_28_x86_64.whl", hash = "sha256:14b3502784f09ce2443830e3133dacf2c0110d45191ed470ecb04d0f5f6fcb0f"},
    {file = "black-24.10.0-cp312-cp312-win_amd64.whl", hash = "sha256:30d2c30dc5139211dda799758559d1b049f7f14c580c409d6ad925b74a4208a8"},
    {file = "black-24.10.0-cp313-cp313-macosx_10_13_x86_64.whl", hash = "sha256:1cbacacb19e922a1d75ef2b6ccaefcd6e93a2c05ede32f06a21386a04cedb981"},
    {file = "black-24.10.0-cp313-cp313-macosx_11_0_arm64.whl", hash = "sha256:1f93102e0c5bb3907451063e08b9876dbeac810e7da5a8bfb7aeb5a9ef89066b"},
    {file = "black-24.10.0-cp313-cp313-manylinux_2_17_x86_64.manylinux2014_x86_64.manylinux_2_28_x86_64.whl", hash = "sha256:ddacb691cdcdf77b96f549cf9591701d8db36b2f19519373d60d31746068dbf2"},
    {file = "black-24.10.0-cp313-cp313-win_amd64.whl", hash = "sha256:680359d932801c76d2e9c9068d05c6b107f2584b2a5b88831c83962eb9984c1b"},
    {file = "black-24.10.0-cp39-cp39-macosx_10_9_x86_64.whl", hash = "sha256:17374989640fbca88b6a448129cd1745c5eb8d9547b464f281b251dd00155ccd"},
    {file = "black-24.10.0-cp39-cp39-macosx_11_0_arm64.whl", hash = "sha256:63f626344343083322233f175aaf372d326de8436f5928c042639a4afbbf1d3f"},
    {file = "black-24.10.0-cp39-cp39-manylinux_2_17_x86_64.manylinux2014_x86_64.manylinux_2_28_x86_64.whl", hash = "sha256:ccfa1d0cb6200857f1923b602f978386a3a2758a65b52e0950299ea014be6800"},
    {file = "black-24.10.0-cp39-cp39-win_amd64.whl", hash = "sha256:2cd9c95431d94adc56600710f8813ee27eea544dd118d45896bb734e9d7a0dc7"},
    {file = "black-24.10.0-py3-none-any.whl", hash = "sha256:3bb2b7a1f7b685f85b11fed1ef10f8a9148bceb49853e47a294a3dd963c1dd7d"},
    {file = "black-24.10.0.tar.gz", hash = "sha256:846ea64c97afe3bc677b761787993be4991810ecc7a4a937816dd6bddedc4875"},
]

[package.dependencies]
click = ">=8.0.0"
mypy-extensions = ">=0.4.3"
packaging = ">=22.0"
pathspec = ">=0.9.0"
platformdirs = ">=2"

[package.extras]
colorama = ["colorama (>=0.4.3)"]
d = ["aiohttp (>=3.10)"]
jupyter = ["ipython (>=7.8.0)", "tokenize-rt (>=3.2.0)"]
uvloop = ["uvloop (>=0.15.2)"]

[[package]]
name = "certifi"
version = "2024.2.2"
description = "Python package for providing Mozilla's CA Bundle."
optional = false
python-versions = ">=3.6"
files = [
    {file = "certifi-2024.2.2-py3-none-any.whl", hash = "sha256:dc383c07b76109f368f6106eee2b593b04a011ea4d55f652c6ca24a754d1cdd1"},
    {file = "certifi-2024.2.2.tar.gz", hash = "sha256:0569859f95fc761b18b45ef421b1290a0f65f147e92a1e5eb3e635f9a5e4e66f"},
]

[[package]]
name = "click"
version = "8.1.7"
description = "Composable command line interface toolkit"
optional = false
python-versions = ">=3.7"
files = [
    {file = "click-8.1.7-py3-none-any.whl", hash = "sha256:ae74fb96c20a0277a1d615f1e4d73c8414f5a98db8b799a7931d1582f3390c28"},
    {file = "click-8.1.7.tar.gz", hash = "sha256:ca9853ad459e787e2192211578cc907e7594e294c7ccc834310722b41b9ca6de"},
]

[package.dependencies]
colorama = {version = "*", markers = "platform_system == \"Windows\""}

[[package]]
name = "colorama"
version = "0.4.6"
description = "Cross-platform colored terminal text."
optional = false
python-versions = "!=3.0.*,!=3.1.*,!=3.2.*,!=3.3.*,!=3.4.*,!=3.5.*,!=3.6.*,>=2.7"
files = [
    {file = "colorama-0.4.6-py2.py3-none-any.whl", hash = "sha256:4f1d9991f5acc0ca119f9d443620b77f9d6b33703e51011c16baf57afb285fc6"},
    {file = "colorama-0.4.6.tar.gz", hash = "sha256:08695f5cb7ed6e0531a20572697297273c47b8cae5a63ffc6d6ed5c201be6e44"},
]

[[package]]
name = "coverage"
version = "7.6.4"
description = "Code coverage measurement for Python"
optional = false
python-versions = ">=3.9"
files = [
    {file = "coverage-7.6.4-cp310-cp310-macosx_10_9_x86_64.whl", hash = "sha256:5f8ae553cba74085db385d489c7a792ad66f7f9ba2ee85bfa508aeb84cf0ba07"},
    {file = "coverage-7.6.4-cp310-cp310-macosx_11_0_arm64.whl", hash = "sha256:8165b796df0bd42e10527a3f493c592ba494f16ef3c8b531288e3d0d72c1f6f0"},
    {file = "coverage-7.6.4-cp310-cp310-manylinux_2_17_aarch64.manylinux2014_aarch64.whl", hash = "sha256:c7c8b95bf47db6d19096a5e052ffca0a05f335bc63cef281a6e8fe864d450a72"},
    {file = "coverage-7.6.4-cp310-cp310-manylinux_2_5_i686.manylinux1_i686.manylinux_2_17_i686.manylinux2014_i686.whl", hash = "sha256:8ed9281d1b52628e81393f5eaee24a45cbd64965f41857559c2b7ff19385df51"},
    {file = "coverage-7.6.4-cp310-cp310-manylinux_2_5_x86_64.manylinux1_x86_64.manylinux_2_17_x86_64.manylinux2014_x86_64.whl", hash = "sha256:0809082ee480bb8f7416507538243c8863ac74fd8a5d2485c46f0f7499f2b491"},
    {file = "coverage-7.6.4-cp310-cp310-musllinux_1_2_aarch64.whl", hash = "sha256:d541423cdd416b78626b55f123412fcf979d22a2c39fce251b350de38c15c15b"},
    {file = "coverage-7.6.4-cp310-cp310-musllinux_1_2_i686.whl", hash = "sha256:58809e238a8a12a625c70450b48e8767cff9eb67c62e6154a642b21ddf79baea"},
    {file = "coverage-7.6.4-cp310-cp310-musllinux_1_2_x86_64.whl", hash = "sha256:c9b8e184898ed014884ca84c70562b4a82cbc63b044d366fedc68bc2b2f3394a"},
    {file = "coverage-7.6.4-cp310-cp310-win32.whl", hash = "sha256:6bd818b7ea14bc6e1f06e241e8234508b21edf1b242d49831831a9450e2f35fa"},
    {file = "coverage-7.6.4-cp310-cp310-win_amd64.whl", hash = "sha256:06babbb8f4e74b063dbaeb74ad68dfce9186c595a15f11f5d5683f748fa1d172"},
    {file = "coverage-7.6.4-cp311-cp311-macosx_10_9_x86_64.whl", hash = "sha256:73d2b73584446e66ee633eaad1a56aad577c077f46c35ca3283cd687b7715b0b"},
    {file = "coverage-7.6.4-cp311-cp311-macosx_11_0_arm64.whl", hash = "sha256:51b44306032045b383a7a8a2c13878de375117946d68dcb54308111f39775a25"},
    {file = "coverage-7.6.4-cp311-cp311-manylinux_2_17_aarch64.manylinux2014_aarch64.whl", hash = "sha256:0b3fb02fe73bed561fa12d279a417b432e5b50fe03e8d663d61b3d5990f29546"},
    {file = "coverage-7.6.4-cp311-cp311-manylinux_2_5_i686.manylinux1_i686.manylinux_2_17_i686.manylinux2014_i686.whl", hash = "sha256:ed8fe9189d2beb6edc14d3ad19800626e1d9f2d975e436f84e19efb7fa19469b"},
    {file = "coverage-7.6.4-cp311-cp311-manylinux_2_5_x86_64.manylinux1_x86_64.manylinux_2_17_x86_64.manylinux2014_x86_64.whl", hash = "sha256:b369ead6527d025a0fe7bd3864e46dbee3aa8f652d48df6174f8d0bac9e26e0e"},
    {file = "coverage-7.6.4-cp311-cp311-musllinux_1_2_aarch64.whl", hash = "sha256:ade3ca1e5f0ff46b678b66201f7ff477e8fa11fb537f3b55c3f0568fbfe6e718"},
    {file = "coverage-7.6.4-cp311-cp311-musllinux_1_2_i686.whl", hash = "sha256:27fb4a050aaf18772db513091c9c13f6cb94ed40eacdef8dad8411d92d9992db"},
    {file = "coverage-7.6.4-cp311-cp311-musllinux_1_2_x86_64.whl", hash = "sha256:4f704f0998911abf728a7783799444fcbbe8261c4a6c166f667937ae6a8aa522"},
    {file = "coverage-7.6.4-cp311-cp311-win32.whl", hash = "sha256:29155cd511ee058e260db648b6182c419422a0d2e9a4fa44501898cf918866cf"},
    {file = "coverage-7.6.4-cp311-cp311-win_amd64.whl", hash = "sha256:8902dd6a30173d4ef09954bfcb24b5d7b5190cf14a43170e386979651e09ba19"},
    {file = "coverage-7.6.4-cp312-cp312-macosx_10_13_x86_64.whl", hash = "sha256:12394842a3a8affa3ba62b0d4ab7e9e210c5e366fbac3e8b2a68636fb19892c2"},
    {file = "coverage-7.6.4-cp312-cp312-macosx_11_0_arm64.whl", hash = "sha256:2b6b4c83d8e8ea79f27ab80778c19bc037759aea298da4b56621f4474ffeb117"},
    {file = "coverage-7.6.4-cp312-cp312-manylinux_2_17_aarch64.manylinux2014_aarch64.whl", hash = "sha256:1d5b8007f81b88696d06f7df0cb9af0d3b835fe0c8dbf489bad70b45f0e45613"},
    {file = "coverage-7.6.4-cp312-cp312-manylinux_2_5_i686.manylinux1_i686.manylinux_2_17_i686.manylinux2014_i686.whl", hash = "sha256:b57b768feb866f44eeed9f46975f3d6406380275c5ddfe22f531a2bf187eda27"},
    {file = "coverage-7.6.4-cp312-cp312-manylinux_2_5_x86_64.manylinux1_x86_64.manylinux_2_17_x86_64.manylinux2014_x86_64.whl", hash = "sha256:5915fcdec0e54ee229926868e9b08586376cae1f5faa9bbaf8faf3561b393d52"},
    {file = "coverage-7.6.4-cp312-cp312-musllinux_1_2_aarch64.whl", hash = "sha256:0b58c672d14f16ed92a48db984612f5ce3836ae7d72cdd161001cc54512571f2"},
    {file = "coverage-7.6.4-cp312-cp312-musllinux_1_2_i686.whl", hash = "sha256:2fdef0d83a2d08d69b1f2210a93c416d54e14d9eb398f6ab2f0a209433db19e1"},
    {file = "coverage-7.6.4-cp312-cp312-musllinux_1_2_x86_64.whl", hash = "sha256:8cf717ee42012be8c0cb205dbbf18ffa9003c4cbf4ad078db47b95e10748eec5"},
    {file = "coverage-7.6.4-cp312-cp312-win32.whl", hash = "sha256:7bb92c539a624cf86296dd0c68cd5cc286c9eef2d0c3b8b192b604ce9de20a17"},
    {file = "coverage-7.6.4-cp312-cp312-win_amd64.whl", hash = "sha256:1032e178b76a4e2b5b32e19d0fd0abbce4b58e77a1ca695820d10e491fa32b08"},
    {file = "coverage-7.6.4-cp313-cp313-macosx_10_13_x86_64.whl", hash = "sha256:023bf8ee3ec6d35af9c1c6ccc1d18fa69afa1cb29eaac57cb064dbb262a517f9"},
    {file = "coverage-7.6.4-cp313-cp313-macosx_11_0_arm64.whl", hash = "sha256:b0ac3d42cb51c4b12df9c5f0dd2f13a4f24f01943627120ec4d293c9181219ba"},
    {file = "coverage-7.6.4-cp313-cp313-manylinux_2_17_aarch64.manylinux2014_aarch64.whl", hash = "sha256:f8fe4984b431f8621ca53d9380901f62bfb54ff759a1348cd140490ada7b693c"},
    {file = "coverage-7.6.4-cp313-cp313-manylinux_2_5_i686.manylinux1_i686.manylinux_2_17_i686.manylinux2014_i686.whl", hash = "sha256:5fbd612f8a091954a0c8dd4c0b571b973487277d26476f8480bfa4b2a65b5d06"},
    {file = "coverage-7.6.4-cp313-cp313-manylinux_2_5_x86_64.manylinux1_x86_64.manylinux_2_17_x86_64.manylinux2014_x86_64.whl", hash = "sha256:dacbc52de979f2823a819571f2e3a350a7e36b8cb7484cdb1e289bceaf35305f"},
    {file = "coverage-7.6.4-cp313-cp313-musllinux_1_2_aarch64.whl", hash = "sha256:dab4d16dfef34b185032580e2f2f89253d302facba093d5fa9dbe04f569c4f4b"},
    {file = "coverage-7.6.4-cp313-cp313-musllinux_1_2_i686.whl", hash = "sha256:862264b12ebb65ad8d863d51f17758b1684560b66ab02770d4f0baf2ff75da21"},
    {file = "coverage-7.6.4-cp313-cp313-musllinux_1_2_x86_64.whl", hash = "sha256:5beb1ee382ad32afe424097de57134175fea3faf847b9af002cc7895be4e2a5a"},
    {file = "coverage-7.6.4-cp313-cp313-win32.whl", hash = "sha256:bf20494da9653f6410213424f5f8ad0ed885e01f7e8e59811f572bdb20b8972e"},
    {file = "coverage-7.6.4-cp313-cp313-win_amd64.whl", hash = "sha256:182e6cd5c040cec0a1c8d415a87b67ed01193ed9ad458ee427741c7d8513d963"},
    {file = "coverage-7.6.4-cp313-cp313t-macosx_10_13_x86_64.whl", hash = "sha256:a181e99301a0ae128493a24cfe5cfb5b488c4e0bf2f8702091473d033494d04f"},
    {file = "coverage-7.6.4-cp313-cp313t-macosx_11_0_arm64.whl", hash = "sha256:df57bdbeffe694e7842092c5e2e0bc80fff7f43379d465f932ef36f027179806"},
    {file = "coverage-7.6.4-cp313-cp313t-manylinux_2_17_aarch64.manylinux2014_aarch64.whl", hash = "sha256:0bcd1069e710600e8e4cf27f65c90c7843fa8edfb4520fb0ccb88894cad08b11"},
    {file = "coverage-7.6.4-cp313-cp313t-manylinux_2_5_i686.manylinux1_i686.manylinux_2_17_i686.manylinux2014_i686.whl", hash = "sha256:99b41d18e6b2a48ba949418db48159d7a2e81c5cc290fc934b7d2380515bd0e3"},
    {file = "coverage-7.6.4-cp313-cp313t-manylinux_2_5_x86_64.manylinux1_x86_64.manylinux_2_17_x86_64.manylinux2014_x86_64.whl", hash = "sha256:a6b1e54712ba3474f34b7ef7a41e65bd9037ad47916ccb1cc78769bae324c01a"},
    {file = "coverage-7.6.4-cp313-cp313t-musllinux_1_2_aarch64.whl", hash = "sha256:53d202fd109416ce011578f321460795abfe10bb901b883cafd9b3ef851bacfc"},
    {file = "coverage-7.6.4-cp313-cp313t-musllinux_1_2_i686.whl", hash = "sha256:c48167910a8f644671de9f2083a23630fbf7a1cb70ce939440cd3328e0919f70"},
    {file = "coverage-7.6.4-cp313-cp313t-musllinux_1_2_x86_64.whl", hash = "sha256:cc8ff50b50ce532de2fa7a7daae9dd12f0a699bfcd47f20945364e5c31799fef"},
    {file = "coverage-7.6.4-cp313-cp313t-win32.whl", hash = "sha256:b8d3a03d9bfcaf5b0141d07a88456bb6a4c3ce55c080712fec8418ef3610230e"},
    {file = "coverage-7.6.4-cp313-cp313t-win_amd64.whl", hash = "sha256:f3ddf056d3ebcf6ce47bdaf56142af51bb7fad09e4af310241e9db7a3a8022e1"},
    {file = "coverage-7.6.4-cp39-cp39-macosx_10_9_x86_64.whl", hash = "sha256:9cb7fa111d21a6b55cbf633039f7bc2749e74932e3aa7cb7333f675a58a58bf3"},
    {file = "coverage-7.6.4-cp39-cp39-macosx_11_0_arm64.whl", hash = "sha256:11a223a14e91a4693d2d0755c7a043db43d96a7450b4f356d506c2562c48642c"},
    {file = "coverage-7.6.4-cp39-cp39-manylinux_2_17_aarch64.manylinux2014_aarch64.whl", hash = "sha256:a413a096c4cbac202433c850ee43fa326d2e871b24554da8327b01632673a076"},
    {file = "coverage-7.6.4-cp39-cp39-manylinux_2_5_i686.manylinux1_i686.manylinux_2_17_i686.manylinux2014_i686.whl", hash = "sha256:00a1d69c112ff5149cabe60d2e2ee948752c975d95f1e1096742e6077affd376"},
    {file = "coverage-7.6.4-cp39-cp39-manylinux_2_5_x86_64.manylinux1_x86_64.manylinux_2_17_x86_64.manylinux2014_x86_64.whl", hash = "sha256:1f76846299ba5c54d12c91d776d9605ae33f8ae2b9d1d3c3703cf2db1a67f2c0"},
    {file = "coverage-7.6.4-cp39-cp39-musllinux_1_2_aarch64.whl", hash = "sha256:fe439416eb6380de434886b00c859304338f8b19f6f54811984f3420a2e03858"},
    {file = "coverage-7.6.4-cp39-cp39-musllinux_1_2_i686.whl", hash = "sha256:0294ca37f1ba500667b1aef631e48d875ced93ad5e06fa665a3295bdd1d95111"},
    {file = "coverage-7.6.4-cp39-cp39-musllinux_1_2_x86_64.whl", hash = "sha256:6f01ba56b1c0e9d149f9ac85a2f999724895229eb36bd997b61e62999e9b0901"},
    {file = "coverage-7.6.4-cp39-cp39-win32.whl", hash = "sha256:bc66f0bf1d7730a17430a50163bb264ba9ded56739112368ba985ddaa9c3bd09"},
    {file = "coverage-7.6.4-cp39-cp39-win_amd64.whl", hash = "sha256:c481b47f6b5845064c65a7bc78bc0860e635a9b055af0df46fdf1c58cebf8e8f"},
    {file = "coverage-7.6.4-pp39.pp310-none-any.whl", hash = "sha256:3c65d37f3a9ebb703e710befdc489a38683a5b152242664b973a7b7b22348a4e"},
    {file = "coverage-7.6.4.tar.gz", hash = "sha256:29fc0f17b1d3fea332f8001d4558f8214af7f1d87a345f3a133c901d60347c73"},
]

[package.extras]
toml = ["tomli"]

[[package]]
name = "fastapi"
version = "0.115.4"
description = "FastAPI framework, high performance, easy to learn, fast to code, ready for production"
optional = false
python-versions = ">=3.8"
files = [
    {file = "fastapi-0.115.4-py3-none-any.whl", hash = "sha256:0b504a063ffb3cf96a5e27dc1bc32c80ca743a2528574f9cdc77daa2d31b4742"},
    {file = "fastapi-0.115.4.tar.gz", hash = "sha256:db653475586b091cb8b2fec2ac54a680ac6a158e07406e1abae31679e8826349"},
]

[package.dependencies]
pydantic = ">=1.7.4,<1.8 || >1.8,<1.8.1 || >1.8.1,<2.0.0 || >2.0.0,<2.0.1 || >2.0.1,<2.1.0 || >2.1.0,<3.0.0"
starlette = ">=0.40.0,<0.42.0"
typing-extensions = ">=4.8.0"

[package.extras]
all = ["email-validator (>=2.0.0)", "fastapi-cli[standard] (>=0.0.5)", "httpx (>=0.23.0)", "itsdangerous (>=1.1.0)", "jinja2 (>=2.11.2)", "orjson (>=3.2.1)", "pydantic-extra-types (>=2.0.0)", "pydantic-settings (>=2.0.0)", "python-multipart (>=0.0.7)", "pyyaml (>=5.3.1)", "ujson (>=4.0.1,!=4.0.2,!=4.1.0,!=4.2.0,!=4.3.0,!=5.0.0,!=5.1.0)", "uvicorn[standard] (>=0.12.0)"]
standard = ["email-validator (>=2.0.0)", "fastapi-cli[standard] (>=0.0.5)", "httpx (>=0.23.0)", "jinja2 (>=2.11.2)", "python-multipart (>=0.0.7)", "uvicorn[standard] (>=0.12.0)"]

[[package]]
name = "flake8"
version = "7.1.1"
description = "the modular source code checker: pep8 pyflakes and co"
optional = false
python-versions = ">=3.8.1"
files = [
    {file = "flake8-7.1.1-py2.py3-none-any.whl", hash = "sha256:597477df7860daa5aa0fdd84bf5208a043ab96b8e96ab708770ae0364dd03213"},
    {file = "flake8-7.1.1.tar.gz", hash = "sha256:049d058491e228e03e67b390f311bbf88fce2dbaa8fa673e7aea87b7198b8d38"},
]

[package.dependencies]
mccabe = ">=0.7.0,<0.8.0"
pycodestyle = ">=2.12.0,<2.13.0"
pyflakes = ">=3.2.0,<3.3.0"

[[package]]
name = "h11"
version = "0.14.0"
description = "A pure-Python, bring-your-own-I/O implementation of HTTP/1.1"
optional = false
python-versions = ">=3.7"
files = [
    {file = "h11-0.14.0-py3-none-any.whl", hash = "sha256:e3fe4ac4b851c468cc8363d500db52c2ead036020723024a109d37346efaa761"},
    {file = "h11-0.14.0.tar.gz", hash = "sha256:8f19fbbe99e72420ff35c00b27a34cb9937e902a8b810e2c88300c6f0a3b699d"},
]

[[package]]
name = "httpcore"
version = "1.0.2"
description = "A minimal low-level HTTP client."
optional = false
python-versions = ">=3.8"
files = [
    {file = "httpcore-1.0.2-py3-none-any.whl", hash = "sha256:096cc05bca73b8e459a1fc3dcf585148f63e534eae4339559c9b8a8d6399acc7"},
    {file = "httpcore-1.0.2.tar.gz", hash = "sha256:9fc092e4799b26174648e54b74ed5f683132a464e95643b226e00c2ed2fa6535"},
]

[package.dependencies]
certifi = "*"
h11 = ">=0.13,<0.15"

[package.extras]
asyncio = ["anyio (>=4.0,<5.0)"]
http2 = ["h2 (>=3,<5)"]
socks = ["socksio (==1.*)"]
trio = ["trio (>=0.22.0,<0.23.0)"]

[[package]]
name = "httpx"
version = "0.26.0"
description = "The next generation HTTP client."
optional = false
python-versions = ">=3.8"
files = [
    {file = "httpx-0.26.0-py3-none-any.whl", hash = "sha256:8915f5a3627c4d47b73e8202457cb28f1266982d1159bd5779d86a80c0eab1cd"},
    {file = "httpx-0.26.0.tar.gz", hash = "sha256:451b55c30d5185ea6b23c2c793abf9bb237d2a7dfb901ced6ff69ad37ec1dfaf"},
]

[package.dependencies]
anyio = "*"
certifi = "*"
httpcore = "==1.*"
idna = "*"
sniffio = "*"

[package.extras]
brotli = ["brotli", "brotlicffi"]
cli = ["click (==8.*)", "pygments (==2.*)", "rich (>=10,<14)"]
http2 = ["h2 (>=3,<5)"]
socks = ["socksio (==1.*)"]

[[package]]
name = "idna"
version = "3.6"
description = "Internationalized Domain Names in Applications (IDNA)"
optional = false
python-versions = ">=3.5"
files = [
    {file = "idna-3.6-py3-none-any.whl", hash = "sha256:c05567e9c24a6b9faaa835c4821bad0590fbb9d5779e7caa6e1cc4978e7eb24f"},
    {file = "idna-3.6.tar.gz", hash = "sha256:9ecdbbd083b06798ae1e86adcbfe8ab1479cf864e4ee30fe4e46a003d12491ca"},
]

[[package]]
name = "iniconfig"
version = "2.0.0"
description = "brain-dead simple config-ini parsing"
optional = false
python-versions = ">=3.7"
files = [
    {file = "iniconfig-2.0.0-py3-none-any.whl", hash = "sha256:b6a85871a79d2e3b22d2d1b94ac2824226a63c6b741c88f7ae975f18b6778374"},
    {file = "iniconfig-2.0.0.tar.gz", hash = "sha256:2d91e135bf72d31a410b17c16da610a82cb55f6b0477d1a902134b24a455b8b3"},
]

[[package]]
name = "isort"
version = "5.13.2"
description = "A Python utility / library to sort Python imports."
optional = false
python-versions = ">=3.8.0"
files = [
    {file = "isort-5.13.2-py3-none-any.whl", hash = "sha256:8ca5e72a8d85860d5a3fa69b8745237f2939afe12dbf656afbcb47fe72d947a6"},
    {file = "isort-5.13.2.tar.gz", hash = "sha256:48fdfcb9face5d58a4f6dde2e72a1fb8dcaf8ab26f95ab49fab84c2ddefb0109"},
]

[package.extras]
colors = ["colorama (>=0.4.6)"]

[[package]]
name = "mccabe"
version = "0.7.0"
description = "McCabe checker, plugin for flake8"
optional = false
python-versions = ">=3.6"
files = [
    {file = "mccabe-0.7.0-py2.py3-none-any.whl", hash = "sha256:6c2d30ab6be0e4a46919781807b4f0d834ebdd6c6e3dca0bda5a15f863427b6e"},
    {file = "mccabe-0.7.0.tar.gz", hash = "sha256:348e0240c33b60bbdf4e523192ef919f28cb2c3d7d5c7794f74009290f236325"},
]

[[package]]
name = "mypy-extensions"
version = "1.0.0"
description = "Type system extensions for programs checked with the mypy type checker."
optional = false
python-versions = ">=3.5"
files = [
    {file = "mypy_extensions-1.0.0-py3-none-any.whl", hash = "sha256:4392f6c0eb8a5668a69e23d168ffa70f0be9ccfd32b5cc2d26a34ae5b844552d"},
    {file = "mypy_extensions-1.0.0.tar.gz", hash = "sha256:75dbf8955dc00442a438fc4d0666508a9a97b6bd41aa2f0ffe9d2f2725af0782"},
]

[[package]]
name = "packaging"
version = "23.2"
description = "Core utilities for Python packages"
optional = false
python-versions = ">=3.7"
files = [
    {file = "packaging-23.2-py3-none-any.whl", hash = "sha256:8c491190033a9af7e1d931d0b5dacc2ef47509b34dd0de67ed209b5203fc88c7"},
    {file = "packaging-23.2.tar.gz", hash = "sha256:048fb0e9405036518eaaf48a55953c750c11e1a1b68e0dd1a9d62ed0c092cfc5"},
]

[[package]]
name = "pathspec"
version = "0.12.1"
description = "Utility library for gitignore style pattern matching of file paths."
optional = false
python-versions = ">=3.8"
files = [
    {file = "pathspec-0.12.1-py3-none-any.whl", hash = "sha256:a0d503e138a4c123b27490a4f7beda6a01c6f288df0e4a8b79c7eb0dc7b4cc08"},
    {file = "pathspec-0.12.1.tar.gz", hash = "sha256:a482d51503a1ab33b1c67a6c3813a26953dbdc71c31dacaef9a838c4e29f5712"},
]

[[package]]
name = "platformdirs"
version = "4.2.0"
description = "A small Python package for determining appropriate platform-specific dirs, e.g. a \"user data dir\"."
optional = false
python-versions = ">=3.8"
files = [
    {file = "platformdirs-4.2.0-py3-none-any.whl", hash = "sha256:0614df2a2f37e1a662acbd8e2b25b92ccf8632929bc6d43467e17fe89c75e068"},
    {file = "platformdirs-4.2.0.tar.gz", hash = "sha256:ef0cc731df711022c174543cb70a9b5bd22e5a9337c8624ef2c2ceb8ddad8768"},
]

[package.extras]
docs = ["furo (>=2023.9.10)", "proselint (>=0.13)", "sphinx (>=7.2.6)", "sphinx-autodoc-typehints (>=1.25.2)"]
test = ["appdirs (==1.4.4)", "covdefaults (>=2.3)", "pytest (>=7.4.3)", "pytest-cov (>=4.1)", "pytest-mock (>=3.12)"]

[[package]]
name = "pluggy"
version = "1.5.0"
description = "plugin and hook calling mechanisms for python"
optional = false
python-versions = ">=3.8"
files = [
    {file = "pluggy-1.5.0-py3-none-any.whl", hash = "sha256:44e1ad92c8ca002de6377e165f3e0f1be63266ab4d554740532335b9d75ea669"},
    {file = "pluggy-1.5.0.tar.gz", hash = "sha256:2cffa88e94fdc978c4c574f15f9e59b7f4201d439195c3715ca9e2486f1d0cf1"},
]

[package.extras]
dev = ["pre-commit", "tox"]
testing = ["pytest", "pytest-benchmark"]

[[package]]
name = "pycodestyle"
version = "2.12.1"
description = "Python style guide checker"
optional = false
python-versions = ">=3.8"
files = [
    {file = "pycodestyle-2.12.1-py2.py3-none-any.whl", hash = "sha256:46f0fb92069a7c28ab7bb558f05bfc0110dac69a0cd23c61ea0040283a9d78b3"},
    {file = "pycodestyle-2.12.1.tar.gz", hash = "sha256:6838eae08bbce4f6accd5d5572075c63626a15ee3e6f842df996bf62f6d73521"},
]

[[package]]
name = "pydantic"
version = "2.6.0"
description = "Data validation using Python type hints"
optional = false
python-versions = ">=3.8"
files = [
    {file = "pydantic-2.6.0-py3-none-any.whl", hash = "sha256:1440966574e1b5b99cf75a13bec7b20e3512e8a61b894ae252f56275e2c465ae"},
    {file = "pydantic-2.6.0.tar.gz", hash = "sha256:ae887bd94eb404b09d86e4d12f93893bdca79d766e738528c6fa1c849f3c6bcf"},
]

[package.dependencies]
annotated-types = ">=0.4.0"
pydantic-core = "2.16.1"
typing-extensions = ">=4.6.1"

[package.extras]
email = ["email-validator (>=2.0.0)"]

[[package]]
name = "pydantic-core"
version = "2.16.1"
description = ""
optional = false
python-versions = ">=3.8"
files = [
    {file = "pydantic_core-2.16.1-cp310-cp310-macosx_10_12_x86_64.whl", hash = "sha256:300616102fb71241ff477a2cbbc847321dbec49428434a2f17f37528721c4948"},
    {file = "pydantic_core-2.16.1-cp310-cp310-macosx_11_0_arm64.whl", hash = "sha256:5511f962dd1b9b553e9534c3b9c6a4b0c9ded3d8c2be96e61d56f933feef9e1f"},
    {file = "pydantic_core-2.16.1-cp310-cp310-manylinux_2_17_aarch64.manylinux2014_aarch64.whl", hash = "sha256:98f0edee7ee9cc7f9221af2e1b95bd02810e1c7a6d115cfd82698803d385b28f"},
    {file = "pydantic_core-2.16.1-cp310-cp310-manylinux_2_17_armv7l.manylinux2014_armv7l.whl", hash = "sha256:9795f56aa6b2296f05ac79d8a424e94056730c0b860a62b0fdcfe6340b658cc8"},
    {file = "pydantic_core-2.16.1-cp310-cp310-manylinux_2_17_ppc64le.manylinux2014_ppc64le.whl", hash = "sha256:c45f62e4107ebd05166717ac58f6feb44471ed450d07fecd90e5f69d9bf03c48"},
    {file = "pydantic_core-2.16.1-cp310-cp310-manylinux_2_17_s390x.manylinux2014_s390x.whl", hash = "sha256:462d599299c5971f03c676e2b63aa80fec5ebc572d89ce766cd11ca8bcb56f3f"},
    {file = "pydantic_core-2.16.1-cp310-cp310-manylinux_2_17_x86_64.manylinux2014_x86_64.whl", hash = "sha256:21ebaa4bf6386a3b22eec518da7d679c8363fb7fb70cf6972161e5542f470798"},
    {file = "pydantic_core-2.16.1-cp310-cp310-manylinux_2_5_i686.manylinux1_i686.whl", hash = "sha256:99f9a50b56713a598d33bc23a9912224fc5d7f9f292444e6664236ae471ddf17"},
    {file = "pydantic_core-2.16.1-cp310-cp310-musllinux_1_1_aarch64.whl", hash = "sha256:8ec364e280db4235389b5e1e6ee924723c693cbc98e9d28dc1767041ff9bc388"},
    {file = "pydantic_core-2.16.1-cp310-cp310-musllinux_1_1_x86_64.whl", hash = "sha256:653a5dfd00f601a0ed6654a8b877b18d65ac32c9d9997456e0ab240807be6cf7"},
    {file = "pydantic_core-2.16.1-cp310-none-win32.whl", hash = "sha256:1661c668c1bb67b7cec96914329d9ab66755911d093bb9063c4c8914188af6d4"},
    {file = "pydantic_core-2.16.1-cp310-none-win_amd64.whl", hash = "sha256:561be4e3e952c2f9056fba5267b99be4ec2afadc27261505d4992c50b33c513c"},
    {file = "pydantic_core-2.16.1-cp311-cp311-macosx_10_12_x86_64.whl", hash = "sha256:102569d371fadc40d8f8598a59379c37ec60164315884467052830b28cc4e9da"},
    {file = "pydantic_core-2.16.1-cp311-cp311-macosx_11_0_arm64.whl", hash = "sha256:735dceec50fa907a3c314b84ed609dec54b76a814aa14eb90da31d1d36873a5e"},
    {file = "pydantic_core-2.16.1-cp311-cp311-manylinux_2_17_aarch64.manylinux2014_aarch64.whl", hash = "sha256:e83ebbf020be727d6e0991c1b192a5c2e7113eb66e3def0cd0c62f9f266247e4"},
    {file = "pydantic_core-2.16.1-cp311-cp311-manylinux_2_17_armv7l.manylinux2014_armv7l.whl", hash = "sha256:30a8259569fbeec49cfac7fda3ec8123486ef1b729225222f0d41d5f840b476f"},
    {file = "pydantic_core-2.16.1-cp311-cp311-manylinux_2_17_ppc64le.manylinux2014_ppc64le.whl", hash = "sha256:920c4897e55e2881db6a6da151198e5001552c3777cd42b8a4c2f72eedc2ee91"},
    {file = "pydantic_core-2.16.1-cp311-cp311-manylinux_2_17_s390x.manylinux2014_s390x.whl", hash = "sha256:f5247a3d74355f8b1d780d0f3b32a23dd9f6d3ff43ef2037c6dcd249f35ecf4c"},
    {file = "pydantic_core-2.16.1-cp311-cp311-manylinux_2_17_x86_64.manylinux2014_x86_64.whl", hash = "sha256:2d5bea8012df5bb6dda1e67d0563ac50b7f64a5d5858348b5c8cb5043811c19d"},
    {file = "pydantic_core-2.16.1-cp311-cp311-manylinux_2_5_i686.manylinux1_i686.whl", hash = "sha256:ed3025a8a7e5a59817b7494686d449ebfbe301f3e757b852c8d0d1961d6be864"},
    {file = "pydantic_core-2.16.1-cp311-cp311-musllinux_1_1_aarch64.whl", hash = "sha256:06f0d5a1d9e1b7932477c172cc720b3b23c18762ed7a8efa8398298a59d177c7"},
    {file = "pydantic_core-2.16.1-cp311-cp311-musllinux_1_1_x86_64.whl", hash = "sha256:150ba5c86f502c040b822777e2e519b5625b47813bd05f9273a8ed169c97d9ae"},
    {file = "pydantic_core-2.16.1-cp311-none-win32.whl", hash = "sha256:d6cbdf12ef967a6aa401cf5cdf47850559e59eedad10e781471c960583f25aa1"},
    {file = "pydantic_core-2.16.1-cp311-none-win_amd64.whl", hash = "sha256:afa01d25769af33a8dac0d905d5c7bb2d73c7c3d5161b2dd6f8b5b5eea6a3c4c"},
    {file = "pydantic_core-2.16.1-cp311-none-win_arm64.whl", hash = "sha256:1a2fe7b00a49b51047334d84aafd7e39f80b7675cad0083678c58983662da89b"},
    {file = "pydantic_core-2.16.1-cp312-cp312-macosx_10_12_x86_64.whl", hash = "sha256:0f478ec204772a5c8218e30eb813ca43e34005dff2eafa03931b3d8caef87d51"},
    {file = "pydantic_core-2.16.1-cp312-cp312-macosx_11_0_arm64.whl", hash = "sha256:f1936ef138bed2165dd8573aa65e3095ef7c2b6247faccd0e15186aabdda7f66"},
    {file = "pydantic_core-2.16.1-cp312-cp312-manylinux_2_17_aarch64.manylinux2014_aarch64.whl", hash = "sha256:99d3a433ef5dc3021c9534a58a3686c88363c591974c16c54a01af7efd741f13"},
    {file = "pydantic_core-2.16.1-cp312-cp312-manylinux_2_17_armv7l.manylinux2014_armv7l.whl", hash = "sha256:bd88f40f2294440d3f3c6308e50d96a0d3d0973d6f1a5732875d10f569acef49"},
    {file = "pydantic_core-2.16.1-cp312-cp312-manylinux_2_17_ppc64le.manylinux2014_ppc64le.whl", hash = "sha256:3fac641bbfa43d5a1bed99d28aa1fded1984d31c670a95aac1bf1d36ac6ce137"},
    {file = "pydantic_core-2.16.1-cp312-cp312-manylinux_2_17_s390x.manylinux2014_s390x.whl", hash = "sha256:72bf9308a82b75039b8c8edd2be2924c352eda5da14a920551a8b65d5ee89253"},
    {file = "pydantic_core-2.16.1-cp312-cp312-manylinux_2_17_x86_64.manylinux2014_x86_64.whl", hash = "sha256:fb4363e6c9fc87365c2bc777a1f585a22f2f56642501885ffc7942138499bf54"},
    {file = "pydantic_core-2.16.1-cp312-cp312-manylinux_2_5_i686.manylinux1_i686.whl", hash = "sha256:20f724a023042588d0f4396bbbcf4cffd0ddd0ad3ed4f0d8e6d4ac4264bae81e"},
    {file = "pydantic_core-2.16.1-cp312-cp312-musllinux_1_1_aarch64.whl", hash = "sha256:fb4370b15111905bf8b5ba2129b926af9470f014cb0493a67d23e9d7a48348e8"},
    {file = "pydantic_core-2.16.1-cp312-cp312-musllinux_1_1_x86_64.whl", hash = "sha256:23632132f1fd608034f1a56cc3e484be00854db845b3a4a508834be5a6435a6f"},
    {file = "pydantic_core-2.16.1-cp312-none-win32.whl", hash = "sha256:b9f3e0bffad6e238f7acc20c393c1ed8fab4371e3b3bc311020dfa6020d99212"},
    {file = "pydantic_core-2.16.1-cp312-none-win_amd64.whl", hash = "sha256:a0b4cfe408cd84c53bab7d83e4209458de676a6ec5e9c623ae914ce1cb79b96f"},
    {file = "pydantic_core-2.16.1-cp312-none-win_arm64.whl", hash = "sha256:d195add190abccefc70ad0f9a0141ad7da53e16183048380e688b466702195dd"},
    {file = "pydantic_core-2.16.1-cp38-cp38-macosx_10_12_x86_64.whl", hash = "sha256:502c062a18d84452858f8aea1e520e12a4d5228fc3621ea5061409d666ea1706"},
    {file = "pydantic_core-2.16.1-cp38-cp38-macosx_11_0_arm64.whl", hash = "sha256:d8c032ccee90b37b44e05948b449a2d6baed7e614df3d3f47fe432c952c21b60"},
    {file = "pydantic_core-2.16.1-cp38-cp38-manylinux_2_17_aarch64.manylinux2014_aarch64.whl", hash = "sha256:920f4633bee43d7a2818e1a1a788906df5a17b7ab6fe411220ed92b42940f818"},
    {file = "pydantic_core-2.16.1-cp38-cp38-manylinux_2_17_armv7l.manylinux2014_armv7l.whl", hash = "sha256:9f5d37ff01edcbace53a402e80793640c25798fb7208f105d87a25e6fcc9ea06"},
    {file = "pydantic_core-2.16.1-cp38-cp38-manylinux_2_17_ppc64le.manylinux2014_ppc64le.whl", hash = "sha256:399166f24c33a0c5759ecc4801f040dbc87d412c1a6d6292b2349b4c505effc9"},
    {file = "pydantic_core-2.16.1-cp38-cp38-manylinux_2_17_s390x.manylinux2014_s390x.whl", hash = "sha256:ac89ccc39cd1d556cc72d6752f252dc869dde41c7c936e86beac5eb555041b66"},
    {file = "pydantic_core-2.16.1-cp38-cp38-manylinux_2_17_x86_64.manylinux2014_x86_64.whl", hash = "sha256:73802194f10c394c2bedce7a135ba1d8ba6cff23adf4217612bfc5cf060de34c"},
    {file = "pydantic_core-2.16.1-cp38-cp38-manylinux_2_5_i686.manylinux1_i686.whl", hash = "sha256:8fa00fa24ffd8c31fac081bf7be7eb495be6d248db127f8776575a746fa55c95"},
    {file = "pydantic_core-2.16.1-cp38-cp38-musllinux_1_1_aarch64.whl", hash = "sha256:601d3e42452cd4f2891c13fa8c70366d71851c1593ed42f57bf37f40f7dca3c8"},
    {file = "pydantic_core-2.16.1-cp38-cp38-musllinux_1_1_x86_64.whl", hash = "sha256:07982b82d121ed3fc1c51faf6e8f57ff09b1325d2efccaa257dd8c0dd937acca"},
    {file = "pydantic_core-2.16.1-cp38-none-win32.whl", hash = "sha256:d0bf6f93a55d3fa7a079d811b29100b019784e2ee6bc06b0bb839538272a5610"},
    {file = "pydantic_core-2.16.1-cp38-none-win_amd64.whl", hash = "sha256:fbec2af0ebafa57eb82c18c304b37c86a8abddf7022955d1742b3d5471a6339e"},
    {file = "pydantic_core-2.16.1-cp39-cp39-macosx_10_12_x86_64.whl", hash = "sha256:a497be217818c318d93f07e14502ef93d44e6a20c72b04c530611e45e54c2196"},
    {file = "pydantic_core-2.16.1-cp39-cp39-macosx_11_0_arm64.whl", hash = "sha256:694a5e9f1f2c124a17ff2d0be613fd53ba0c26de588eb4bdab8bca855e550d95"},
    {file = "pydantic_core-2.16.1-cp39-cp39-manylinux_2_17_aarch64.manylinux2014_aarch64.whl", hash = "sha256:8d4dfc66abea3ec6d9f83e837a8f8a7d9d3a76d25c9911735c76d6745950e62c"},
    {file = "pydantic_core-2.16.1-cp39-cp39-manylinux_2_17_armv7l.manylinux2014_armv7l.whl", hash = "sha256:8655f55fe68c4685673265a650ef71beb2d31871c049c8b80262026f23605ee3"},
    {file = "pydantic_core-2.16.1-cp39-cp39-manylinux_2_17_ppc64le.manylinux2014_ppc64le.whl", hash = "sha256:21e3298486c4ea4e4d5cc6fb69e06fb02a4e22089304308817035ac006a7f506"},
    {file = "pydantic_core-2.16.1-cp39-cp39-manylinux_2_17_s390x.manylinux2014_s390x.whl", hash = "sha256:71b4a48a7427f14679f0015b13c712863d28bb1ab700bd11776a5368135c7d60"},
    {file = "pydantic_core-2.16.1-cp39-cp39-manylinux_2_17_x86_64.manylinux2014_x86_64.whl", hash = "sha256:10dca874e35bb60ce4f9f6665bfbfad050dd7573596608aeb9e098621ac331dc"},
    {file = "pydantic_core-2.16.1-cp39-cp39-manylinux_2_5_i686.manylinux1_i686.whl", hash = "sha256:fa496cd45cda0165d597e9d6f01e36c33c9508f75cf03c0a650018c5048f578e"},
    {file = "pydantic_core-2.16.1-cp39-cp39-musllinux_1_1_aarch64.whl", hash = "sha256:5317c04349472e683803da262c781c42c5628a9be73f4750ac7d13040efb5d2d"},
    {file = "pydantic_core-2.16.1-cp39-cp39-musllinux_1_1_x86_64.whl", hash = "sha256:42c29d54ed4501a30cd71015bf982fa95e4a60117b44e1a200290ce687d3e640"},
    {file = "pydantic_core-2.16.1-cp39-none-win32.whl", hash = "sha256:ba07646f35e4e49376c9831130039d1b478fbfa1215ae62ad62d2ee63cf9c18f"},
    {file = "pydantic_core-2.16.1-cp39-none-win_amd64.whl", hash = "sha256:2133b0e412a47868a358713287ff9f9a328879da547dc88be67481cdac529118"},
    {file = "pydantic_core-2.16.1-pp310-pypy310_pp73-macosx_10_12_x86_64.whl", hash = "sha256:d25ef0c33f22649b7a088035fd65ac1ce6464fa2876578df1adad9472f918a76"},
    {file = "pydantic_core-2.16.1-pp310-pypy310_pp73-macosx_11_0_arm64.whl", hash = "sha256:99c095457eea8550c9fa9a7a992e842aeae1429dab6b6b378710f62bfb70b394"},
    {file = "pydantic_core-2.16.1-pp310-pypy310_pp73-manylinux_2_17_aarch64.manylinux2014_aarch64.whl", hash = "sha256:b49c604ace7a7aa8af31196abbf8f2193be605db6739ed905ecaf62af31ccae0"},
    {file = "pydantic_core-2.16.1-pp310-pypy310_pp73-manylinux_2_17_x86_64.manylinux2014_x86_64.whl", hash = "sha256:c56da23034fe66221f2208c813d8aa509eea34d97328ce2add56e219c3a9f41c"},
    {file = "pydantic_core-2.16.1-pp310-pypy310_pp73-manylinux_2_5_i686.manylinux1_i686.whl", hash = "sha256:cebf8d56fee3b08ad40d332a807ecccd4153d3f1ba8231e111d9759f02edfd05"},
    {file = "pydantic_core-2.16.1-pp310-pypy310_pp73-musllinux_1_1_aarch64.whl", hash = "sha256:1ae8048cba95f382dba56766525abca438328455e35c283bb202964f41a780b0"},
    {file = "pydantic_core-2.16.1-pp310-pypy310_pp73-musllinux_1_1_x86_64.whl", hash = "sha256:780daad9e35b18d10d7219d24bfb30148ca2afc309928e1d4d53de86822593dc"},
    {file = "pydantic_core-2.16.1-pp310-pypy310_pp73-win_amd64.whl", hash = "sha256:c94b5537bf6ce66e4d7830c6993152940a188600f6ae044435287753044a8fe2"},
    {file = "pydantic_core-2.16.1-pp39-pypy39_pp73-macosx_10_12_x86_64.whl", hash = "sha256:adf28099d061a25fbcc6531febb7a091e027605385de9fe14dd6a97319d614cf"},
    {file = "pydantic_core-2.16.1-pp39-pypy39_pp73-macosx_11_0_arm64.whl", hash = "sha256:644904600c15816a1f9a1bafa6aab0d21db2788abcdf4e2a77951280473f33e1"},
    {file = "pydantic_core-2.16.1-pp39-pypy39_pp73-manylinux_2_17_aarch64.manylinux2014_aarch64.whl", hash = "sha256:87bce04f09f0552b66fca0c4e10da78d17cb0e71c205864bab4e9595122cb9d9"},
    {file = "pydantic_core-2.16.1-pp39-pypy39_pp73-manylinux_2_17_x86_64.manylinux2014_x86_64.whl", hash = "sha256:877045a7969ace04d59516d5d6a7dee13106822f99a5d8df5e6822941f7bedc8"},
    {file = "pydantic_core-2.16.1-pp39-pypy39_pp73-manylinux_2_5_i686.manylinux1_i686.whl", hash = "sha256:9c46e556ee266ed3fb7b7a882b53df3c76b45e872fdab8d9cf49ae5e91147fd7"},
    {file = "pydantic_core-2.16.1-pp39-pypy39_pp73-musllinux_1_1_aarch64.whl", hash = "sha256:4eebbd049008eb800f519578e944b8dc8e0f7d59a5abb5924cc2d4ed3a1834ff"},
    {file = "pydantic_core-2.16.1-pp39-pypy39_pp73-musllinux_1_1_x86_64.whl", hash = "sha256:c0be58529d43d38ae849a91932391eb93275a06b93b79a8ab828b012e916a206"},
    {file = "pydantic_core-2.16.1-pp39-pypy39_pp73-win_amd64.whl", hash = "sha256:b1fc07896fc1851558f532dffc8987e526b682ec73140886c831d773cef44b76"},
    {file = "pydantic_core-2.16.1.tar.gz", hash = "sha256:daff04257b49ab7f4b3f73f98283d3dbb1a65bf3500d55c7beac3c66c310fe34"},
]

[package.dependencies]
typing-extensions = ">=4.6.0,<4.7.0 || >4.7.0"

[[package]]
name = "pyflakes"
version = "3.2.0"
description = "passive checker of Python programs"
optional = false
python-versions = ">=3.8"
files = [
    {file = "pyflakes-3.2.0-py2.py3-none-any.whl", hash = "sha256:84b5be138a2dfbb40689ca07e2152deb896a65c3a3e24c251c5c62489568074a"},
    {file = "pyflakes-3.2.0.tar.gz", hash = "sha256:1c61603ff154621fb2a9172037d84dca3500def8c8b630657d1701f026f8af3f"},
]

[[package]]
name = "pytest"
version = "8.3.3"
description = "pytest: simple powerful testing with Python"
optional = false
python-versions = ">=3.8"
files = [
    {file = "pytest-8.3.3-py3-none-any.whl", hash = "sha256:a6853c7375b2663155079443d2e45de913a911a11d669df02a50814944db57b2"},
    {file = "pytest-8.3.3.tar.gz", hash = "sha256:70b98107bd648308a7952b06e6ca9a50bc660be218d53c257cc1fc94fda10181"},
]

[package.dependencies]
colorama = {version = "*", markers = "sys_platform == \"win32\""}
iniconfig = "*"
packaging = "*"
pluggy = ">=1.5,<2"

[package.extras]
dev = ["argcomplete", "attrs (>=19.2)", "hypothesis (>=3.56)", "mock", "pygments (>=2.7.2)", "requests", "setuptools", "xmlschema"]

[[package]]
name = "pytest-cov"
version = "6.0.0"
description = "Pytest plugin for measuring coverage."
optional = false
python-versions = ">=3.9"
files = [
    {file = "pytest-cov-6.0.0.tar.gz", hash = "sha256:fde0b595ca248bb8e2d76f020b465f3b107c9632e6a1d1705f17834c89dcadc0"},
    {file = "pytest_cov-6.0.0-py3-none-any.whl", hash = "sha256:eee6f1b9e61008bd34975a4d5bab25801eb31898b032dd55addc93e96fcaaa35"},
]

[package.dependencies]
coverage = {version = ">=7.5", extras = ["toml"]}
pytest = ">=4.6"

[package.extras]
testing = ["fields", "hunter", "process-tests", "pytest-xdist", "virtualenv"]

[[package]]
name = "sniffio"
version = "1.3.0"
description = "Sniff out which async library your code is running under"
optional = false
python-versions = ">=3.7"
files = [
    {file = "sniffio-1.3.0-py3-none-any.whl", hash = "sha256:eecefdce1e5bbfb7ad2eeaabf7c1eeb404d7757c379bd1f7e5cce9d8bf425384"},
    {file = "sniffio-1.3.0.tar.gz", hash = "sha256:e60305c5e5d314f5389259b7f22aaa33d8f7dee49763119234af3755c55b9101"},
]

[[package]]
name = "starlette"
version = "0.41.2"
description = "The little ASGI library that shines."
optional = false
python-versions = ">=3.8"
files = [
    {file = "starlette-0.41.2-py3-none-any.whl", hash = "sha256:fbc189474b4731cf30fcef52f18a8d070e3f3b46c6a04c97579e85e6ffca942d"},
    {file = "starlette-0.41.2.tar.gz", hash = "sha256:9834fd799d1a87fd346deb76158668cfa0b0d56f85caefe8268e2d97c3468b62"},
]

[package.dependencies]
anyio = ">=3.4.0,<5"

[package.extras]
full = ["httpx (>=0.22.0)", "itsdangerous", "jinja2", "python-multipart (>=0.0.7)", "pyyaml"]

[[package]]
name = "typing-extensions"
version = "4.9.0"
description = "Backported and Experimental Type Hints for Python 3.8+"
optional = false
python-versions = ">=3.8"
files = [
    {file = "typing_extensions-4.9.0-py3-none-any.whl", hash = "sha256:af72aea155e91adfc61c3ae9e0e342dbc0cba726d6cba4b6c72c1f34e47291cd"},
    {file = "typing_extensions-4.9.0.tar.gz", hash = "sha256:23478f88c37f27d76ac8aee6c905017a143b0b1b886c3c9f66bc2fd94f9f5783"},
]

[[package]]
name = "uvicorn"
version = "0.27.1"
description = "The lightning-fast ASGI server."
optional = false
python-versions = ">=3.8"
files = [
    {file = "uvicorn-0.27.1-py3-none-any.whl", hash = "sha256:5c89da2f3895767472a35556e539fd59f7edbe9b1e9c0e1c99eebeadc61838e4"},
    {file = "uvicorn-0.27.1.tar.gz", hash = "sha256:3d9a267296243532db80c83a959a3400502165ade2c1338dea4e67915fd4745a"},
]

[package.dependencies]
click = ">=7.0"
h11 = ">=0.8"

[package.extras]
standard = ["colorama (>=0.4)", "httptools (>=0.5.0)", "python-dotenv (>=0.13)", "pyyaml (>=5.1)", "uvloop (>=0.14.0,!=0.15.0,!=0.15.1)", "watchfiles (>=0.13)", "websockets (>=10.4)"]

[metadata]
lock-version = "2.0"
python-versions = "^3.11"
content-hash = "6e307a519d01aa2fe437d73d8ef520af0263bc07b563359094c59d822d16e2fe"
